
Microsoft Visual Studio Solution File, Format Version 12.00
# Visual Studio Version 17
VisualStudioVersion = 17.12.35323.107
MinimumVisualStudioVersion = 10.0.40219.1
Project("{FAE04EC0-301F-11D3-BF4B-00C04F79EFBC}") = "GitHubUserActivity", "GitHubUserActivity.csproj", "{F62AD3B3-042F-442C-AF76-C236EA854535}"
EndProject
Global
	GlobalSection(SolutionConfigurationPlatforms) = preSolution
		Debug|Any CPU = Debug|Any CPU
		Release|Any CPU = Release|Any CPU
	EndGlobalSection
	GlobalSection(ProjectConfigurationPlatforms) = postSolution
		{F62AD3B3-042F-442C-AF76-C236EA854535}.Debug|Any CPU.ActiveCfg = Debug|Any CPU
		{F62AD3B3-042F-442C-AF76-C236EA854535}.Debug|Any CPU.Build.0 = Debug|Any CPU
		{F62AD3B3-042F-442C-AF76-C236EA854535}.Release|Any CPU.ActiveCfg = Release|Any CPU
		{F62AD3B3-042F-442C-AF76-C236EA854535}.Release|Any CPU.Build.0 = Release|Any CPU
	EndGlobalSection
	GlobalSection(SolutionProperties) = preSolution
		HideSolutionNode = FALSE
	EndGlobalSection
	GlobalSection(ExtensibilityGlobals) = postSolution
		SolutionGuid = {4097BDB4-3F5F-4886-A5D8-B0BFDA7636E9}
	EndGlobalSection
EndGlobal
